// !$*UTF8*$!
{
	archiveVersion = 1;
	classes = {
	};
	objectVersion = 56;
	objects = {

/* Begin PBXBuildFile section */
		BFA8A81C2A4A138E006B9FCF /* AppDelegate.swift in Sources */ = {isa = PBXBuildFile; fileRef = BFA8A81B2A4A138E006B9FCF /* AppDelegate.swift */; };
		BFA8A81E2A4A138F006B9FCF /* SceneDelegate.swift in Sources */ = {isa = PBXBuildFile; fileRef = BFA8A81D2A4A138F006B9FCF /* SceneDelegate.swift */; };
		BFA8A8252A4A1390006B9FCF /* Assets.xcassets in Resources */ = {isa = PBXBuildFile; fileRef = BFA8A8242A4A1390006B9FCF /* Assets.xcassets */; };
		BFA8A8282A4A1390006B9FCF /* LaunchScreen.storyboard in Resources */ = {isa = PBXBuildFile; fileRef = BFA8A8262A4A1390006B9FCF /* LaunchScreen.storyboard */; };
		BFA8A8302A4A1431006B9FCF /* HomeViewController.swift in Sources */ = {isa = PBXBuildFile; fileRef = BFA8A82F2A4A1431006B9FCF /* HomeViewController.swift */; };
		BFA8A8332A4A14CA006B9FCF /* Character.swift in Sources */ = {isa = PBXBuildFile; fileRef = BFA8A8322A4A14CA006B9FCF /* Character.swift */; };
		BFA8A8392A4A1596006B9FCF /* CollectionViewPagingLayout in Frameworks */ = {isa = PBXBuildFile; productRef = BFA8A8382A4A1596006B9FCF /* CollectionViewPagingLayout */; };
		BFA8A83B2A4A169E006B9FCF /* HomeCell.swift in Sources */ = {isa = PBXBuildFile; fileRef = BFA8A83A2A4A169E006B9FCF /* HomeCell.swift */; };
		BFA8A83D2A4A1771006B9FCF /* CharacterView.swift in Sources */ = {isa = PBXBuildFile; fileRef = BFA8A83C2A4A1771006B9FCF /* CharacterView.swift */; };
		BFA8A8412A4A2505006B9FCF /* SDWebImage in Frameworks */ = {isa = PBXBuildFile; productRef = BFA8A8402A4A2505006B9FCF /* SDWebImage */; };
		BFA8A8432A4A2505006B9FCF /* SDWebImageMapKit in Frameworks */ = {isa = PBXBuildFile; productRef = BFA8A8422A4A2505006B9FCF /* SDWebImageMapKit */; };
		BFA8A8452A4A2BF6006B9FCF /* CharacterDetailsViewController.swift in Sources */ = {isa = PBXBuildFile; fileRef = BFA8A8442A4A2BF6006B9FCF /* CharacterDetailsViewController.swift */; };
		BFA8A8472A4ACE92006B9FCF /* Constants.swift in Sources */ = {isa = PBXBuildFile; fileRef = BFA8A8462A4ACE92006B9FCF /* Constants.swift */; };
		BFA8A8492A4ACF9F006B9FCF /* Formatter.swift in Sources */ = {isa = PBXBuildFile; fileRef = BFA8A8482A4ACF9F006B9FCF /* Formatter.swift */; };
		BFA8A84B2A4AD31E006B9FCF /* APICaller.swift in Sources */ = {isa = PBXBuildFile; fileRef = BFA8A84A2A4AD31E006B9FCF /* APICaller.swift */; };
		BFA9394F2A4AEBFF00A69764 /* CharacterResponse.swift in Sources */ = {isa = PBXBuildFile; fileRef = BFA9394E2A4AEBFF00A69764 /* CharacterResponse.swift */; };
		BFA939512A4B046100A69764 /* TabBarViewController.swift in Sources */ = {isa = PBXBuildFile; fileRef = BFA939502A4B046100A69764 /* TabBarViewController.swift */; };
		BFA939532A4B047F00A69764 /* SearchViewController.swift in Sources */ = {isa = PBXBuildFile; fileRef = BFA939522A4B047F00A69764 /* SearchViewController.swift */; };
		BFA939552A4B129D00A69764 /* CharacterNameView.swift in Sources */ = {isa = PBXBuildFile; fileRef = BFA939542A4B129D00A69764 /* CharacterNameView.swift */; };
		BFA939572A4B588200A69764 /* CustomExtension.swift in Sources */ = {isa = PBXBuildFile; fileRef = BFA939562A4B588200A69764 /* CustomExtension.swift */; };
		BFA939592A4B5BC000A69764 /* SearchCell.swift in Sources */ = {isa = PBXBuildFile; fileRef = BFA939582A4B5BBF00A69764 /* SearchCell.swift */; };
		BFA9395B2A4C04FA00A69764 /* ReadComicWebViewController.swift in Sources */ = {isa = PBXBuildFile; fileRef = BFA9395A2A4C04FA00A69764 /* ReadComicWebViewController.swift */; };
/* End PBXBuildFile section */

/* Begin PBXFileReference section */
		BFA8A8182A4A138E006B9FCF /* marvelous.app */ = {isa = PBXFileReference; explicitFileType = wrapper.application; includeInIndex = 0; path = marvelous.app; sourceTree = BUILT_PRODUCTS_DIR; };
		BFA8A81B2A4A138E006B9FCF /* AppDelegate.swift */ = {isa = PBXFileReference; lastKnownFileType = sourcecode.swift; path = AppDelegate.swift; sourceTree = "<group>"; };
		BFA8A81D2A4A138F006B9FCF /* SceneDelegate.swift */ = {isa = PBXFileReference; lastKnownFileType = sourcecode.swift; path = SceneDelegate.swift; sourceTree = "<group>"; };
		BFA8A8242A4A1390006B9FCF /* Assets.xcassets */ = {isa = PBXFileReference; lastKnownFileType = folder.assetcatalog; path = Assets.xcassets; sourceTree = "<group>"; };
		BFA8A8272A4A1390006B9FCF /* Base */ = {isa = PBXFileReference; lastKnownFileType = file.storyboard; name = Base; path = Base.lproj/LaunchScreen.storyboard; sourceTree = "<group>"; };
		BFA8A8292A4A1390006B9FCF /* Info.plist */ = {isa = PBXFileReference; lastKnownFileType = text.plist.xml; path = Info.plist; sourceTree = "<group>"; };
		BFA8A82F2A4A1431006B9FCF /* HomeViewController.swift */ = {isa = PBXFileReference; lastKnownFileType = sourcecode.swift; path = HomeViewController.swift; sourceTree = "<group>"; };
		BFA8A8322A4A14CA006B9FCF /* Character.swift */ = {isa = PBXFileReference; lastKnownFileType = sourcecode.swift; path = Character.swift; sourceTree = "<group>"; };
		BFA8A83A2A4A169E006B9FCF /* HomeCell.swift */ = {isa = PBXFileReference; lastKnownFileType = sourcecode.swift; path = HomeCell.swift; sourceTree = "<group>"; };
		BFA8A83C2A4A1771006B9FCF /* CharacterView.swift */ = {isa = PBXFileReference; lastKnownFileType = sourcecode.swift; path = CharacterView.swift; sourceTree = "<group>"; };
		BFA8A8442A4A2BF6006B9FCF /* CharacterDetailsViewController.swift */ = {isa = PBXFileReference; lastKnownFileType = sourcecode.swift; path = CharacterDetailsViewController.swift; sourceTree = "<group>"; };
		BFA8A8462A4ACE92006B9FCF /* Constants.swift */ = {isa = PBXFileReference; lastKnownFileType = sourcecode.swift; path = Constants.swift; sourceTree = "<group>"; };
		BFA8A8482A4ACF9F006B9FCF /* Formatter.swift */ = {isa = PBXFileReference; lastKnownFileType = sourcecode.swift; path = Formatter.swift; sourceTree = "<group>"; };
		BFA8A84A2A4AD31E006B9FCF /* APICaller.swift */ = {isa = PBXFileReference; lastKnownFileType = sourcecode.swift; path = APICaller.swift; sourceTree = "<group>"; };
		BFA9394E2A4AEBFF00A69764 /* CharacterResponse.swift */ = {isa = PBXFileReference; lastKnownFileType = sourcecode.swift; path = CharacterResponse.swift; sourceTree = "<group>"; };
		BFA939502A4B046100A69764 /* TabBarViewController.swift */ = {isa = PBXFileReference; lastKnownFileType = sourcecode.swift; path = TabBarViewController.swift; sourceTree = "<group>"; };
		BFA939522A4B047F00A69764 /* SearchViewController.swift */ = {isa = PBXFileReference; lastKnownFileType = sourcecode.swift; path = SearchViewController.swift; sourceTree = "<group>"; };
		BFA939542A4B129D00A69764 /* CharacterNameView.swift */ = {isa = PBXFileReference; lastKnownFileType = sourcecode.swift; path = CharacterNameView.swift; sourceTree = "<group>"; };
		BFA939562A4B588200A69764 /* CustomExtension.swift */ = {isa = PBXFileReference; lastKnownFileType = sourcecode.swift; path = CustomExtension.swift; sourceTree = "<group>"; };
		BFA939582A4B5BBF00A69764 /* SearchCell.swift */ = {isa = PBXFileReference; lastKnownFileType = sourcecode.swift; path = SearchCell.swift; sourceTree = "<group>"; };
		BFA9395A2A4C04FA00A69764 /* ReadComicWebViewController.swift */ = {isa = PBXFileReference; lastKnownFileType = sourcecode.swift; path = ReadComicWebViewController.swift; sourceTree = "<group>"; };
/* End PBXFileReference section */

/* Begin PBXFrameworksBuildPhase section */
		BFA8A8152A4A138E006B9FCF /* Frameworks */ = {
			isa = PBXFrameworksBuildPhase;
			buildActionMask = 2147483647;
			files = (
				BFA8A8412A4A2505006B9FCF /* SDWebImage in Frameworks */,
				BFA8A8432A4A2505006B9FCF /* SDWebImageMapKit in Frameworks */,
				BFA8A8392A4A1596006B9FCF /* CollectionViewPagingLayout in Frameworks */,
			);
			runOnlyForDeploymentPostprocessing = 0;
		};
/* End PBXFrameworksBuildPhase section */

/* Begin PBXGroup section */
		BFA8A80F2A4A138E006B9FCF = {
			isa = PBXGroup;
			children = (
				BFA8A81A2A4A138E006B9FCF /* marvelous */,
				BFA8A8192A4A138E006B9FCF /* Products */,
			);
			sourceTree = "<group>";
		};
		BFA8A8192A4A138E006B9FCF /* Products */ = {
			isa = PBXGroup;
			children = (
				BFA8A8182A4A138E006B9FCF /* marvelous.app */,
			);
			name = Products;
			sourceTree = "<group>";
		};
		BFA8A81A2A4A138E006B9FCF /* marvelous */ = {
			isa = PBXGroup;
			children = (
				BFA8A83E2A4A1F00006B9FCF /* Helpers */,
				BFA8A8342A4A14D8006B9FCF /* Models */,
				BFA8A8312A4A14A2006B9FCF /* Resources */,
				BFA8A8242A4A1390006B9FCF /* Assets.xcassets */,
				BFA8A8262A4A1390006B9FCF /* LaunchScreen.storyboard */,
				BFA8A8292A4A1390006B9FCF /* Info.plist */,
				BFA8A8362A4A14F6006B9FCF /* Controllers */,
				BFA8A8352A4A14E9006B9FCF /* Views */,
			);
			path = marvelous;
			sourceTree = "<group>";
		};
		BFA8A8312A4A14A2006B9FCF /* Resources */ = {
			isa = PBXGroup;
			children = (
				BFA8A81B2A4A138E006B9FCF /* AppDelegate.swift */,
				BFA8A81D2A4A138F006B9FCF /* SceneDelegate.swift */,
				BFA939502A4B046100A69764 /* TabBarViewController.swift */,
			);
			path = Resources;
			sourceTree = "<group>";
		};
		BFA8A8342A4A14D8006B9FCF /* Models */ = {
			isa = PBXGroup;
			children = (
				BFA8A8322A4A14CA006B9FCF /* Character.swift */,
				BFA9394E2A4AEBFF00A69764 /* CharacterResponse.swift */,
			);
			path = Models;
			sourceTree = "<group>";
		};
		BFA8A8352A4A14E9006B9FCF /* Views */ = {
			isa = PBXGroup;
			children = (
				BFA8A83A2A4A169E006B9FCF /* HomeCell.swift */,
				BFA8A83C2A4A1771006B9FCF /* CharacterView.swift */,
				BFA939542A4B129D00A69764 /* CharacterNameView.swift */,
				BFA939582A4B5BBF00A69764 /* SearchCell.swift */,
			);
			path = Views;
			sourceTree = "<group>";
		};
		BFA8A8362A4A14F6006B9FCF /* Controllers */ = {
			isa = PBXGroup;
			children = (
				BFA8A82F2A4A1431006B9FCF /* HomeViewController.swift */,
				BFA8A8442A4A2BF6006B9FCF /* CharacterDetailsViewController.swift */,
				BFA939522A4B047F00A69764 /* SearchViewController.swift */,
				BFA9395A2A4C04FA00A69764 /* ReadComicWebViewController.swift */,
			);
			path = Controllers;
			sourceTree = "<group>";
		};
		BFA8A83E2A4A1F00006B9FCF /* Helpers */ = {
			isa = PBXGroup;
			children = (
				BFA8A8462A4ACE92006B9FCF /* Constants.swift */,
				BFA8A8482A4ACF9F006B9FCF /* Formatter.swift */,
				BFA8A84A2A4AD31E006B9FCF /* APICaller.swift */,
				BFA939562A4B588200A69764 /* CustomExtension.swift */,
			);
			path = Helpers;
			sourceTree = "<group>";
		};
/* End PBXGroup section */

/* Begin PBXNativeTarget section */
		BFA8A8172A4A138E006B9FCF /* marvelous */ = {
			isa = PBXNativeTarget;
			buildConfigurationList = BFA8A82C2A4A1390006B9FCF /* Build configuration list for PBXNativeTarget "marvelous" */;
			buildPhases = (
				BFA8A8142A4A138E006B9FCF /* Sources */,
				BFA8A8152A4A138E006B9FCF /* Frameworks */,
				BFA8A8162A4A138E006B9FCF /* Resources */,
			);
			buildRules = (
			);
			dependencies = (
			);
			name = marvelous;
			packageProductDependencies = (
				BFA8A8382A4A1596006B9FCF /* CollectionViewPagingLayout */,
				BFA8A8402A4A2505006B9FCF /* SDWebImage */,
				BFA8A8422A4A2505006B9FCF /* SDWebImageMapKit */,
			);
			productName = marvelous;
			productReference = BFA8A8182A4A138E006B9FCF /* marvelous.app */;
			productType = "com.apple.product-type.application";
		};
/* End PBXNativeTarget section */

/* Begin PBXProject section */
		BFA8A8102A4A138E006B9FCF /* Project object */ = {
			isa = PBXProject;
			attributes = {
				BuildIndependentTargetsInParallel = 1;
				LastSwiftUpdateCheck = 1430;
				LastUpgradeCheck = 1430;
				TargetAttributes = {
					BFA8A8172A4A138E006B9FCF = {
						CreatedOnToolsVersion = 14.3;
					};
				};
			};
			buildConfigurationList = BFA8A8132A4A138E006B9FCF /* Build configuration list for PBXProject "marvelous" */;
			compatibilityVersion = "Xcode 14.0";
			developmentRegion = en;
			hasScannedForEncodings = 0;
			knownRegions = (
				en,
				Base,
			);
			mainGroup = BFA8A80F2A4A138E006B9FCF;
			packageReferences = (
				BFA8A8372A4A1596006B9FCF /* XCRemoteSwiftPackageReference "CollectionViewPagingLayout" */,
				BFA8A83F2A4A2505006B9FCF /* XCRemoteSwiftPackageReference "SDWebImage" */,
			);
			productRefGroup = BFA8A8192A4A138E006B9FCF /* Products */;
			projectDirPath = "";
			projectRoot = "";
			targets = (
				BFA8A8172A4A138E006B9FCF /* marvelous */,
			);
		};
/* End PBXProject section */

/* Begin PBXResourcesBuildPhase section */
		BFA8A8162A4A138E006B9FCF /* Resources */ = {
			isa = PBXResourcesBuildPhase;
			buildActionMask = 2147483647;
			files = (
				BFA8A8282A4A1390006B9FCF /* LaunchScreen.storyboard in Resources */,
				BFA8A8252A4A1390006B9FCF /* Assets.xcassets in Resources */,
			);
			runOnlyForDeploymentPostprocessing = 0;
		};
/* End PBXResourcesBuildPhase section */

/* Begin PBXSourcesBuildPhase section */
		BFA8A8142A4A138E006B9FCF /* Sources */ = {
			isa = PBXSourcesBuildPhase;
			buildActionMask = 2147483647;
			files = (
				BFA9394F2A4AEBFF00A69764 /* CharacterResponse.swift in Sources */,
				BFA939592A4B5BC000A69764 /* SearchCell.swift in Sources */,
				BFA9395B2A4C04FA00A69764 /* ReadComicWebViewController.swift in Sources */,
				BFA8A8452A4A2BF6006B9FCF /* CharacterDetailsViewController.swift in Sources */,
				BFA8A83D2A4A1771006B9FCF /* CharacterView.swift in Sources */,
				BFA8A81C2A4A138E006B9FCF /* AppDelegate.swift in Sources */,
				BFA939512A4B046100A69764 /* TabBarViewController.swift in Sources */,
				BFA8A84B2A4AD31E006B9FCF /* APICaller.swift in Sources */,
				BFA939572A4B588200A69764 /* CustomExtension.swift in Sources */,
				BFA8A8492A4ACF9F006B9FCF /* Formatter.swift in Sources */,
				BFA8A83B2A4A169E006B9FCF /* HomeCell.swift in Sources */,
				BFA939532A4B047F00A69764 /* SearchViewController.swift in Sources */,
				BFA939552A4B129D00A69764 /* CharacterNameView.swift in Sources */,
				BFA8A81E2A4A138F006B9FCF /* SceneDelegate.swift in Sources */,
				BFA8A8302A4A1431006B9FCF /* HomeViewController.swift in Sources */,
				BFA8A8332A4A14CA006B9FCF /* Character.swift in Sources */,
				BFA8A8472A4ACE92006B9FCF /* Constants.swift in Sources */,
			);
			runOnlyForDeploymentPostprocessing = 0;
		};
/* End PBXSourcesBuildPhase section */

/* Begin PBXVariantGroup section */
		BFA8A8262A4A1390006B9FCF /* LaunchScreen.storyboard */ = {
			isa = PBXVariantGroup;
			children = (
				BFA8A8272A4A1390006B9FCF /* Base */,
			);
			name = LaunchScreen.storyboard;
			sourceTree = "<group>";
		};
/* End PBXVariantGroup section */

/* Begin XCBuildConfiguration section */
		BFA8A82A2A4A1390006B9FCF /* Debug */ = {
			isa = XCBuildConfiguration;
			buildSettings = {
				ALWAYS_SEARCH_USER_PATHS = NO;
				CLANG_ANALYZER_NONNULL = YES;
				CLANG_ANALYZER_NUMBER_OBJECT_CONVERSION = YES_AGGRESSIVE;
				CLANG_CXX_LANGUAGE_STANDARD = "gnu++20";
				CLANG_ENABLE_MODULES = YES;
				CLANG_ENABLE_OBJC_ARC = YES;
				CLANG_ENABLE_OBJC_WEAK = YES;
				CLANG_WARN_BLOCK_CAPTURE_AUTORELEASING = YES;
				CLANG_WARN_BOOL_CONVERSION = YES;
				CLANG_WARN_COMMA = YES;
				CLANG_WARN_CONSTANT_CONVERSION = YES;
				CLANG_WARN_DEPRECATED_OBJC_IMPLEMENTATIONS = YES;
				CLANG_WARN_DIRECT_OBJC_ISA_USAGE = YES_ERROR;
				CLANG_WARN_DOCUMENTATION_COMMENTS = YES;
				CLANG_WARN_EMPTY_BODY = YES;
				CLANG_WARN_ENUM_CONVERSION = YES;
				CLANG_WARN_INFINITE_RECURSION = YES;
				CLANG_WARN_INT_CONVERSION = YES;
				CLANG_WARN_NON_LITERAL_NULL_CONVERSION = YES;
				CLANG_WARN_OBJC_IMPLICIT_RETAIN_SELF = YES;
				CLANG_WARN_OBJC_LITERAL_CONVERSION = YES;
				CLANG_WARN_OBJC_ROOT_CLASS = YES_ERROR;
				CLANG_WARN_QUOTED_INCLUDE_IN_FRAMEWORK_HEADER = YES;
				CLANG_WARN_RANGE_LOOP_ANALYSIS = YES;
				CLANG_WARN_STRICT_PROTOTYPES = YES;
				CLANG_WARN_SUSPICIOUS_MOVE = YES;
				CLANG_WARN_UNGUARDED_AVAILABILITY = YES_AGGRESSIVE;
				CLANG_WARN_UNREACHABLE_CODE = YES;
				CLANG_WARN__DUPLICATE_METHOD_MATCH = YES;
				COPY_PHASE_STRIP = NO;
				DEBUG_INFORMATION_FORMAT = dwarf;
				ENABLE_STRICT_OBJC_MSGSEND = YES;
				ENABLE_TESTABILITY = YES;
				GCC_C_LANGUAGE_STANDARD = gnu11;
				GCC_DYNAMIC_NO_PIC = NO;
				GCC_NO_COMMON_BLOCKS = YES;
				GCC_OPTIMIZATION_LEVEL = 0;
				GCC_PREPROCESSOR_DEFINITIONS = (
					"DEBUG=1",
					"$(inherited)",
				);
				GCC_WARN_64_TO_32_BIT_CONVERSION = YES;
				GCC_WARN_ABOUT_RETURN_TYPE = YES_ERROR;
				GCC_WARN_UNDECLARED_SELECTOR = YES;
				GCC_WARN_UNINITIALIZED_AUTOS = YES_AGGRESSIVE;
				GCC_WARN_UNUSED_FUNCTION = YES;
				GCC_WARN_UNUSED_VARIABLE = YES;
				IPHONEOS_DEPLOYMENT_TARGET = 16.4;
				MTL_ENABLE_DEBUG_INFO = INCLUDE_SOURCE;
				MTL_FAST_MATH = YES;
				ONLY_ACTIVE_ARCH = YES;
				SDKROOT = iphoneos;
				SWIFT_ACTIVE_COMPILATION_CONDITIONS = DEBUG;
				SWIFT_OPTIMIZATION_LEVEL = "-Onone";
			};
			name = Debug;
		};
		BFA8A82B2A4A1390006B9FCF /* Release */ = {
			isa = XCBuildConfiguration;
			buildSettings = {
				ALWAYS_SEARCH_USER_PATHS = NO;
				CLANG_ANALYZER_NONNULL = YES;
				CLANG_ANALYZER_NUMBER_OBJECT_CONVERSION = YES_AGGRESSIVE;
				CLANG_CXX_LANGUAGE_STANDARD = "gnu++20";
				CLANG_ENABLE_MODULES = YES;
				CLANG_ENABLE_OBJC_ARC = YES;
				CLANG_ENABLE_OBJC_WEAK = YES;
				CLANG_WARN_BLOCK_CAPTURE_AUTORELEASING = YES;
				CLANG_WARN_BOOL_CONVERSION = YES;
				CLANG_WARN_COMMA = YES;
				CLANG_WARN_CONSTANT_CONVERSION = YES;
				CLANG_WARN_DEPRECATED_OBJC_IMPLEMENTATIONS = YES;
				CLANG_WARN_DIRECT_OBJC_ISA_USAGE = YES_ERROR;
				CLANG_WARN_DOCUMENTATION_COMMENTS = YES;
				CLANG_WARN_EMPTY_BODY = YES;
				CLANG_WARN_ENUM_CONVERSION = YES;
				CLANG_WARN_INFINITE_RECURSION = YES;
				CLANG_WARN_INT_CONVERSION = YES;
				CLANG_WARN_NON_LITERAL_NULL_CONVERSION = YES;
				CLANG_WARN_OBJC_IMPLICIT_RETAIN_SELF = YES;
				CLANG_WARN_OBJC_LITERAL_CONVERSION = YES;
				CLANG_WARN_OBJC_ROOT_CLASS = YES_ERROR;
				CLANG_WARN_QUOTED_INCLUDE_IN_FRAMEWORK_HEADER = YES;
				CLANG_WARN_RANGE_LOOP_ANALYSIS = YES;
				CLANG_WARN_STRICT_PROTOTYPES = YES;
				CLANG_WARN_SUSPICIOUS_MOVE = YES;
				CLANG_WARN_UNGUARDED_AVAILABILITY = YES_AGGRESSIVE;
				CLANG_WARN_UNREACHABLE_CODE = YES;
				CLANG_WARN__DUPLICATE_METHOD_MATCH = YES;
				COPY_PHASE_STRIP = NO;
				DEBUG_INFORMATION_FORMAT = "dwarf-with-dsym";
				ENABLE_NS_ASSERTIONS = NO;
				ENABLE_STRICT_OBJC_MSGSEND = YES;
				GCC_C_LANGUAGE_STANDARD = gnu11;
				GCC_NO_COMMON_BLOCKS = YES;
				GCC_WARN_64_TO_32_BIT_CONVERSION = YES;
				GCC_WARN_ABOUT_RETURN_TYPE = YES_ERROR;
				GCC_WARN_UNDECLARED_SELECTOR = YES;
				GCC_WARN_UNINITIALIZED_AUTOS = YES_AGGRESSIVE;
				GCC_WARN_UNUSED_FUNCTION = YES;
				GCC_WARN_UNUSED_VARIABLE = YES;
				IPHONEOS_DEPLOYMENT_TARGET = 16.4;
				MTL_ENABLE_DEBUG_INFO = NO;
				MTL_FAST_MATH = YES;
				SDKROOT = iphoneos;
				SWIFT_COMPILATION_MODE = wholemodule;
				SWIFT_OPTIMIZATION_LEVEL = "-O";
				VALIDATE_PRODUCT = YES;
			};
			name = Release;
		};
		BFA8A82D2A4A1390006B9FCF /* Debug */ = {
			isa = XCBuildConfiguration;
			buildSettings = {
				ASSETCATALOG_COMPILER_APPICON_NAME = AppIcon;
				ASSETCATALOG_COMPILER_GLOBAL_ACCENT_COLOR_NAME = AccentColor;
				CODE_SIGN_STYLE = Automatic;
				CURRENT_PROJECT_VERSION = 1;
				DEVELOPMENT_TEAM = ZCPU58B2UF;
				GENERATE_INFOPLIST_FILE = YES;
				INFOPLIST_FILE = marvelous/Info.plist;
				INFOPLIST_KEY_UIApplicationSupportsIndirectInputEvents = YES;
				INFOPLIST_KEY_UILaunchStoryboardName = LaunchScreen;
				INFOPLIST_KEY_UISupportedInterfaceOrientations_iPad = "UIInterfaceOrientationPortrait UIInterfaceOrientationPortraitUpsideDown UIInterfaceOrientationLandscapeLeft UIInterfaceOrientationLandscapeRight";
				INFOPLIST_KEY_UISupportedInterfaceOrientations_iPhone = "UIInterfaceOrientationPortrait UIInterfaceOrientationLandscapeLeft UIInterfaceOrientationLandscapeRight";
				LD_RUNPATH_SEARCH_PATHS = (
					"$(inherited)",
					"@executable_path/Frameworks",
				);
				MARKETING_VERSION = 1.0;
				PRODUCT_BUNDLE_IDENTIFIER = com.relio.marvelous;
				PRODUCT_NAME = "$(TARGET_NAME)";
				SWIFT_EMIT_LOC_STRINGS = YES;
				SWIFT_VERSION = 5.0;
				TARGETED_DEVICE_FAMILY = "1,2";
			};
			name = Debug;
		};
		BFA8A82E2A4A1390006B9FCF /* Release */ = {
			isa = XCBuildConfiguration;
			buildSettings = {
				ASSETCATALOG_COMPILER_APPICON_NAME = AppIcon;
				ASSETCATALOG_COMPILER_GLOBAL_ACCENT_COLOR_NAME = AccentColor;
				CODE_SIGN_STYLE = Automatic;
				CURRENT_PROJECT_VERSION = 1;
				DEVELOPMENT_TEAM = ZCPU58B2UF;
				GENERATE_INFOPLIST_FILE = YES;
				INFOPLIST_FILE = marvelous/Info.plist;
				INFOPLIST_KEY_UIApplicationSupportsIndirectInputEvents = YES;
				INFOPLIST_KEY_UILaunchStoryboardName = LaunchScreen;
				INFOPLIST_KEY_UISupportedInterfaceOrientations_iPad = "UIInterfaceOrientationPortrait UIInterfaceOrientationPortraitUpsideDown UIInterfaceOrientationLandscapeLeft UIInterfaceOrientationLandscapeRight";
				INFOPLIST_KEY_UISupportedInterfaceOrientations_iPhone = "UIInterfaceOrientationPortrait UIInterfaceOrientationLandscapeLeft UIInterfaceOrientationLandscapeRight";
				LD_RUNPATH_SEARCH_PATHS = (
					"$(inherited)",
					"@executable_path/Frameworks",
				);
				MARKETING_VERSION = 1.0;
				PRODUCT_BUNDLE_IDENTIFIER = com.relio.marvelous;
				PRODUCT_NAME = "$(TARGET_NAME)";
				SWIFT_EMIT_LOC_STRINGS = YES;
				SWIFT_VERSION = 5.0;
				TARGETED_DEVICE_FAMILY = "1,2";
			};
			name = Release;
		};
/* End XCBuildConfiguration section */

/* Begin XCConfigurationList section */
		BFA8A8132A4A138E006B9FCF /* Build configuration list for PBXProject "marvelous" */ = {
			isa = XCConfigurationList;
			buildConfigurations = (
				BFA8A82A2A4A1390006B9FCF /* Debug */,
				BFA8A82B2A4A1390006B9FCF /* Release */,
			);
			defaultConfigurationIsVisible = 0;
			defaultConfigurationName = Release;
		};
		BFA8A82C2A4A1390006B9FCF /* Build configuration list for PBXNativeTarget "marvelous" */ = {
			isa = XCConfigurationList;
			buildConfigurations = (
				BFA8A82D2A4A1390006B9FCF /* Debug */,
				BFA8A82E2A4A1390006B9FCF /* Release */,
			);
			defaultConfigurationIsVisible = 0;
			defaultConfigurationName = Release;
		};
/* End XCConfigurationList section */

/* Begin XCRemoteSwiftPackageReference section */
		BFA8A8372A4A1596006B9FCF /* XCRemoteSwiftPackageReference "CollectionViewPagingLayout" */ = {
			isa = XCRemoteSwiftPackageReference;
			repositoryURL = "https://github.com/amirdew/CollectionViewPagingLayout.git";
			requirement = {
				kind = upToNextMajorVersion;
				minimumVersion = 1.0.0;
			};
		};
		BFA8A83F2A4A2505006B9FCF /* XCRemoteSwiftPackageReference "SDWebImage" */ = {
			isa = XCRemoteSwiftPackageReference;
			repositoryURL = "https://github.com/SDWebImage/SDWebImage.git";
			requirement = {
				kind = upToNextMajorVersion;
				minimumVersion = 5.0.0;
			};
		};
/* End XCRemoteSwiftPackageReference section */

/* Begin XCSwiftPackageProductDependency section */
		BFA8A8382A4A1596006B9FCF /* CollectionViewPagingLayout */ = {
			isa = XCSwiftPackageProductDependency;
			package = BFA8A8372A4A1596006B9FCF /* XCRemoteSwiftPackageReference "CollectionViewPagingLayout" */;
			productName = CollectionViewPagingLayout;
		};
		BFA8A8402A4A2505006B9FCF /* SDWebImage */ = {
			isa = XCSwiftPackageProductDependency;
			package = BFA8A83F2A4A2505006B9FCF /* XCRemoteSwiftPackageReference "SDWebImage" */;
			productName = SDWebImage;
		};
		BFA8A8422A4A2505006B9FCF /* SDWebImageMapKit */ = {
			isa = XCSwiftPackageProductDependency;
			package = BFA8A83F2A4A2505006B9FCF /* XCRemoteSwiftPackageReference "SDWebImage" */;
			productName = SDWebImageMapKit;
		};
/* End XCSwiftPackageProductDependency section */
	};
	rootObject = BFA8A8102A4A138E006B9FCF /* Project object */;
}
